
Microsoft Visual Studio Solution File, Format Version 12.00
# Visual Studio Version 17
VisualStudioVersion = 17.14.36310.24 d17.14
MinimumVisualStudioVersion = 10.0.40219.1
Project("{FAE04EC0-301F-11D3-BF4B-00C04F79EFBC}") = "Core_MVC_Wipro_demo1", "Core_MVC_Wipro_demo1\Core_MVC_Wipro_demo1.csproj", "{2C371076-9107-40BE-ABDB-B1710078EDA3}"
EndProject
Global
	GlobalSection(SolutionConfigurationPlatforms) = preSolution
		Debug|Any CPU = Debug|Any CPU
		Release|Any CPU = Release|Any CPU
	EndGlobalSection
	GlobalSection(ProjectConfigurationPlatforms) = postSolution
		{2C371076-9107-40BE-ABDB-B1710078EDA3}.Debug|Any CPU.ActiveCfg = Debug|Any CPU
		{2C371076-9107-40BE-ABDB-B1710078EDA3}.Debug|Any CPU.Build.0 = Debug|Any CPU
		{2C371076-9107-40BE-ABDB-B1710078EDA3}.Release|Any CPU.ActiveCfg = Release|Any CPU
		{2C371076-9107-40BE-ABDB-B1710078EDA3}.Release|Any CPU.Build.0 = Release|Any CPU
	EndGlobalSection
	GlobalSection(SolutionProperties) = preSolution
		HideSolutionNode = FALSE
	EndGlobalSection
	GlobalSection(ExtensibilityGlobals) = postSolution
		SolutionGuid = {ACF3E1F2-C7AB-4788-95A2-B2DC95D5FF8E}
	EndGlobalSection
EndGlobal
