
Microsoft Visual Studio Solution File, Format Version 12.00
# Visual Studio Version 17
VisualStudioVersion = 17.14.36310.24 d17.14
MinimumVisualStudioVersion = 10.0.40219.1
Project("{FAE04EC0-301F-11D3-BF4B-00C04F79EFBC}") = "MiniShop", "MiniShop\MiniShop.csproj", "{D6724ED3-5A7D-483E-BC1D-4F950EE25084}"
EndProject
Global
	GlobalSection(SolutionConfigurationPlatforms) = preSolution
		Debug|Any CPU = Debug|Any CPU
		Release|Any CPU = Release|Any CPU
	EndGlobalSection
	GlobalSection(ProjectConfigurationPlatforms) = postSolution
		{D6724ED3-5A7D-483E-BC1D-4F950EE25084}.Debug|Any CPU.ActiveCfg = Debug|Any CPU
		{D6724ED3-5A7D-483E-BC1D-4F950EE25084}.Debug|Any CPU.Build.0 = Debug|Any CPU
		{D6724ED3-5A7D-483E-BC1D-4F950EE25084}.Release|Any CPU.ActiveCfg = Release|Any CPU
		{D6724ED3-5A7D-483E-BC1D-4F950EE25084}.Release|Any CPU.Build.0 = Release|Any CPU
	EndGlobalSection
	GlobalSection(SolutionProperties) = preSolution
		HideSolutionNode = FALSE
	EndGlobalSection
	GlobalSection(ExtensibilityGlobals) = postSolution
		SolutionGuid = {B629EE4A-44C3-40E3-A7D6-3DD39D3E2E91}
	EndGlobalSection
EndGlobal
